%{
  "floki": {:hex, :floki, "0.34.2", "5fad07ef153b3b8ec110b6b155ec3780c4b2c4906297d0b4be1a7162d04a7e02", [:mix], [], "hexpm", "26b9d50f0f01796bc6be611ca815c5e0de034d2128e39cc9702eee6b66a4d1c8"},
  "mox": {:hex, :mox, "1.0.2", "dc2057289ac478b35760ba74165b4b3f402f68803dd5aecd3bfd19c183815d64", [:mix], [], "hexpm", "f9864921b3aaf763c8741b5b8e6f908f44566f1e427b2630e89e9a73b981fef2"},
}
